# CCGO.toml.lock - Auto-generated lock file
# Do not edit this file manually
# Regenerate with: ccgo install --force

[metadata]
version = "1.0"
generated_at = "2025-11-30T20:44:23.566835"
generator = "ccgo install"

[dependencies.ccgonowdep]
source_type = "local_dir"
source = "/Users/zhlinh/Documents/Project/Github/ccgo-group/ccgo-now/ccgonowdep"
installed_at = "2025-11-30T20:44:23.497662"
install_path = "/Users/zhlinh/Documents/Project/Github/ccgo-group/ccgo-now/ccgonow/.ccgo/deps/ccgonowdep"

[dependencies.ccgonowdep.git]
revision = "ef873998d62f07315c56a822a2073d3dd293d686"
branch = "master"
remote_url = "git@github.com:zhlinh/ccgo-now.git"
dirty = true

